{
    "_readme": [
        "This file locks the dependencies of your project to a known state",
        "Read more about it at https://getcomposer.org/doc/01-basic-usage.md#installing-dependencies",
        "This file is @generated automatically"
    ],
    "content-hash": "52ece550fe8037bb492a1b75d3131ed2",
    "packages": [
        {
            "name": "2sc1815j/mirador-dragndrop-link-plugin",
            "version": "0.0.1",
            "dist": {
                "type": "zip",
                "url": "https://github.com/2SC1815J/mirador-dragndrop-link-plugin/archive/master.zip"
            },
            "type": "library"
        },
        {
            "name": "archivelabs/mirador-crosslink-plugin",
            "version": "0.0.1",
            "dist": {
                "type": "zip",
                "url": "https://github.com/ArchiveLabs/mirador-crosslink-plugin/archive/master.zip"
            },
            "type": "library"
        },
        {
            "name": "daniel-km/mirador-plugin-metadata-tab",
            "version": "1.0.0",
            "dist": {
                "type": "zip",
                "url": "https://github.com/Daniel-KM/Mirador-plugin-MetadataTab/archive/master.zip"
            },
            "type": "library"
        },
        {
            "name": "dbmdz/mirador-plugins",
            "version": "1.0.6.1",
            "dist": {
                "type": "zip",
                "url": "https://github.com/dbmdz/mirador-plugins/archive/main.zip"
            },
            "type": "library"
        },
        {
            "name": "jazahn/mirador-metadata",
            "version": "0.0.1",
            "dist": {
                "type": "zip",
                "url": "https://github.com/jazahn/mirador-metadata/archive/master.zip"
            },
            "type": "library"
        },
        {
            "name": "jbhoward-dublin/mirador-plugins-ucd",
            "version": "0.0.1",
            "dist": {
                "type": "zip",
                "url": "https://github.com/jbhoward-dublin/mirador-plugins-ucd/archive/master.zip"
            },
            "type": "library"
        },
        {
            "name": "jeffreycwitt/mirador-ldn-plugin",
            "version": "0.0.1",
            "dist": {
                "type": "zip",
                "url": "https://github.com/jeffreycwitt/mirador-ldn-plugin/archive/master.zip"
            },
            "type": "library"
        },
        {
            "name": "mirador/mirador",
            "version": "2.7.0",
            "dist": {
                "type": "zip",
                "url": "https://github.com/ProjectMirador/mirador/releases/download/v2.7.0/build.zip"
            },
            "type": "library"
        },
        {
            "name": "slowprog/composer-copy-file",
            "version": "0.3.3",
            "source": {
                "type": "git",
                "url": "https://github.com/slowprog/CopyFile.git",
                "reference": "b02d55f7587577f29d355f0ce7b697f66dffc0af"
            },
            "dist": {
                "type": "zip",
                "url": "https://api.github.com/repos/slowprog/CopyFile/zipball/b02d55f7587577f29d355f0ce7b697f66dffc0af",
                "reference": "b02d55f7587577f29d355f0ce7b697f66dffc0af",
                "shasum": ""
            },
            "require": {
                "php": ">=5.6"
            },
            "require-dev": {
                "composer/composer": "1.0.*@dev",
                "mikey179/vfsstream": "~1",
                "php-mock/php-mock-phpunit": "~1",
                "phpunit/phpunit": "5.7.27",
                "symfony/filesystem": "~2.7",
                "symfony/finder": "~2.7"
            },
            "type": "library",
            "autoload": {
                "psr-4": {
                    "SlowProg\\CopyFile\\": ""
                }
            },
            "notification-url": "https://packagist.org/downloads/",
            "license": [
                "MIT"
            ],
            "authors": [
                {
                    "name": "Andrey Tyshev",
                    "email": "slowprog@gmail.com"
                }
            ],
            "description": "Composer script copying your files after install",
            "homepage": "https://github.com/SlowProg/composer-copy-file",
            "keywords": [
                "copy file"
            ],
            "support": {
                "issues": "https://github.com/slowprog/CopyFile/issues",
                "source": "https://github.com/slowprog/CopyFile/tree/0.3.3"
            },
            "time": "2020-07-02T14:44:41+00:00"
        },
        {
            "name": "sul-dlss/mirador-jump-to-page",
            "version": "0.0.1",
            "dist": {
                "type": "zip",
                "url": "https://github.com/sul-dlss/mirador-jump-to-page/archive/master.zip"
            },
            "type": "library"
        },
        {
            "name": "ucla-library/mirador-disable-zoom",
            "version": "0.1.0",
            "dist": {
                "type": "zip",
                "url": "https://github.com/UCLALibrary/mirador-disable-zoom/archive/master.zip"
            },
            "type": "library"
        },
        {
            "name": "ucla-library/mirador-ruler",
            "version": "0.1.0",
            "dist": {
                "type": "zip",
                "url": "https://github.com/UCLALibrary/mirador-ruler/archive/master.zip"
            },
            "type": "library"
        },
        {
            "name": "ucla-library/mirador-share-workspace",
            "version": "0.1.0",
            "dist": {
                "type": "zip",
                "url": "https://github.com/UCLALibrary/mirador-share-workspace/archive/master.zip"
            },
            "type": "library"
        },
        {
            "name": "ucla-library/mirador-sync-windows",
            "version": "0.1.0",
            "dist": {
                "type": "zip",
                "url": "https://github.com/UCLALibrary/mirador-sync-windows/archive/master.zip"
            },
            "type": "library"
        }
    ],
    "packages-dev": [
        {
            "name": "projectmirador/mirador-integration",
            "version": "0.0.0",
            "dist": {
                "type": "zip",
                "url": "https://gitlab.com/Daniel-KM/Mirador-integration-Omeka/-/archive/master/Mirador-integration-Omeka-master.zip"
            },
            "type": "library"
        }
    ],
    "aliases": [],
    "minimum-stability": "stable",
    "stability-flags": [],
    "prefer-stable": false,
    "prefer-lowest": false,
    "platform": [],
    "platform-dev": [],
    "plugin-api-version": "2.0.0"
}
